
Microsoft Visual Studio Solution File, Format Version 12.00
# Visual Studio Version 17
VisualStudioVersion = 17.3.32804.467
MinimumVisualStudioVersion = 10.0.40219.1
Project("{FAE04EC0-301F-11D3-BF4B-00C04F79EFBC}") = "Activity", "Activity.csproj", "{5CAEAC6D-A487-48C7-99CA-3F05EB573385}"
EndProject
Global
	GlobalSection(SolutionConfigurationPlatforms) = preSolution
		Debug|Any CPU = Debug|Any CPU
		Release|Any CPU = Release|Any CPU
	EndGlobalSection
	GlobalSection(ProjectConfigurationPlatforms) = postSolution
		{5CAEAC6D-A487-48C7-99CA-3F05EB573385}.Debug|Any CPU.ActiveCfg = Debug|Any CPU
		{5CAEAC6D-A487-48C7-99CA-3F05EB573385}.Debug|Any CPU.Build.0 = Debug|Any CPU
		{5CAEAC6D-A487-48C7-99CA-3F05EB573385}.Release|Any CPU.ActiveCfg = Release|Any CPU
		{5CAEAC6D-A487-48C7-99CA-3F05EB573385}.Release|Any CPU.Build.0 = Release|Any CPU
	EndGlobalSection
	GlobalSection(SolutionProperties) = preSolution
		HideSolutionNode = FALSE
	EndGlobalSection
	GlobalSection(ExtensibilityGlobals) = postSolution
		SolutionGuid = {B9077494-376B-4D9B-A72C-5D68FFF5F095}
	EndGlobalSection
EndGlobal
